# This file is @generated by PDM.
# It is not intended for manual editing.

[metadata]
groups = ["default", "dev"]
cross_platform = true
static_urls = false
lock_version = "4.3"
content_hash = "sha256:355b4611a910e56155a0431c8bf77f3956a4027d174bca4be409587944ff0d73"

[[package]]
name = "addok-fr"
version = "1.0.1"
editable = true
path = "../addok-fr"
summary = "Add French specific string processors."
dependencies = [
    "addok",
]

[[package]]
name = "addok-france"
version = "1.1.3"
editable = true
path = "../addok-france"
summary = "Add France specific string processors."
dependencies = [
    "addok",
]

[[package]]
name = "addok-sqlite-store"
version = "1.0.1"
editable = true
path = "../addok-sqlite-store"
summary = "Store documents in Sqlite."

[[package]]
name = "async-timeout"
version = "4.0.3"
requires_python = ">=3.7"
summary = "Timeout context manager for asyncio programs"
dependencies = [
    "typing-extensions>=3.6.5; python_version < \"3.8\"",
]
files = [
    {file = "async-timeout-4.0.3.tar.gz", hash = "sha256:4640d96be84d82d02ed59ea2b7105a0f7b33abe8703703cd0ab0bf87c427522f"},
    {file = "async_timeout-4.0.3-py3-none-any.whl", hash = "sha256:7405140ff1230c310e51dc27b3145b9092d659ce68ff733fb0cefe3ee42be028"},
]

[[package]]
name = "editdistance"
version = "0.6.2"
requires_python = ">=3.6"
summary = "Fast implementation of the edit distance(Levenshtein distance)"
files = [
    {file = "editdistance-0.6.2-cp310-cp310-macosx_10_9_universal2.whl", hash = "sha256:b4fed965589ffd1f382ba26d06811427c57621a93cae3e31a986bc4c8fa7a716"},
    {file = "editdistance-0.6.2-cp310-cp310-macosx_10_9_x86_64.whl", hash = "sha256:3842411d9126249db7b52c61ce22571dc91292b252c7a7a71ebf34805fc8710f"},
    {file = "editdistance-0.6.2-cp310-cp310-macosx_11_0_arm64.whl", hash = "sha256:01f1187385d7517ceaea0fdec1c57f78135a2507676f13ca8ab7ca3020cc64c6"},
    {file = "editdistance-0.6.2-cp310-cp310-manylinux_2_17_aarch64.manylinux2014_aarch64.whl", hash = "sha256:53b1dee4391d83f1fd564d92373c075b473d351b25dc3ccb2b225331cfa7cd57"},
    {file = "editdistance-0.6.2-cp310-cp310-manylinux_2_17_x86_64.manylinux2014_x86_64.whl", hash = "sha256:e609ef6ca83ade4daf4a7a4dbc9154a0a5000b33796c04ff295d1a302f43af19"},
    {file = "editdistance-0.6.2-cp310-cp310-manylinux_2_5_i686.manylinux1_i686.manylinux_2_17_i686.manylinux2014_i686.whl", hash = "sha256:2c48541b77a24acf548b5bf83189988bf4c93bc324503a6ea630453549017b46"},
    {file = "editdistance-0.6.2-cp310-cp310-musllinux_1_1_aarch64.whl", hash = "sha256:06f1db8dc8f09587e0beb5521d820dd002c57ced8f129528d72d6b8c0be85361"},
    {file = "editdistance-0.6.2-cp310-cp310-musllinux_1_1_i686.whl", hash = "sha256:63b3400b39b058bc2f58f1e4b373276d9795adc397e502efc74b3f24543c936a"},
    {file = "editdistance-0.6.2-cp310-cp310-musllinux_1_1_x86_64.whl", hash = "sha256:0aa2adb28323b8c619c1b9c6bbd1ec8f150ef1fe7b06251107b6920d607b5f17"},
    {file = "editdistance-0.6.2-cp310-cp310-win32.whl", hash = "sha256:6537e4f86dc8437abff129d32795a813aa7c08758d03196fde8e5701de497b97"},
    {file = "editdistance-0.6.2-cp310-cp310-win_amd64.whl", hash = "sha256:454597f8f4bc0d680023753cc28abb0bf288527eddfb6cad43666efe388c91a2"},
    {file = "editdistance-0.6.2-cp311-cp311-macosx_10_9_universal2.whl", hash = "sha256:f32890793c2de47968caff55af277d3e4f2f536f38afd5755b2508f0f4f338a9"},
    {file = "editdistance-0.6.2-cp311-cp311-macosx_10_9_x86_64.whl", hash = "sha256:979c1798b0b3ea4a26e570d55f6a5014d5e6c8b3129e927a22047ea54621d188"},
    {file = "editdistance-0.6.2-cp311-cp311-macosx_11_0_arm64.whl", hash = "sha256:1ac8fbdb787edd9aa65749be9abfbaff98d1c61da0de99c6225fa0bb3fe3a527"},
    {file = "editdistance-0.6.2-cp311-cp311-manylinux_2_17_aarch64.manylinux2014_aarch64.whl", hash = "sha256:bce6b5191a1dac919d06357179654b24304f40a22b2cfc5d631210cb05964d34"},
    {file = "editdistance-0.6.2-cp311-cp311-manylinux_2_17_x86_64.manylinux2014_x86_64.whl", hash = "sha256:e375ed11f06f47f29e6fcb3e23fd4d1abe8310f1b666eb795b7bc2f343d36000"},
    {file = "editdistance-0.6.2-cp311-cp311-manylinux_2_5_i686.manylinux1_i686.manylinux_2_17_i686.manylinux2014_i686.whl", hash = "sha256:b26bdd02a7243cca646e69ca1ab1e28b229fd838271fb1413d55afc89f141033"},
    {file = "editdistance-0.6.2-cp311-cp311-musllinux_1_1_aarch64.whl", hash = "sha256:abe4da756fadc5c84745b6b07794d504968aebb280931909e3b5e92ea434fbe0"},
    {file = "editdistance-0.6.2-cp311-cp311-musllinux_1_1_i686.whl", hash = "sha256:63c73f8c38579c5f6464e129c791a5bfa88b0f2c1f8ffd15620125cfe580ecae"},
    {file = "editdistance-0.6.2-cp311-cp311-musllinux_1_1_x86_64.whl", hash = "sha256:c5c4b3327ba03841700b41e1393580732b7a15d553c47890aef4651fd42000cc"},
    {file = "editdistance-0.6.2-cp311-cp311-win32.whl", hash = "sha256:66eea6ad1a600e620a17d5b46d29796a79287cfa98db39eaf0aaccf79f6f7552"},
    {file = "editdistance-0.6.2-cp311-cp311-win_amd64.whl", hash = "sha256:22ab574cbec36552e8b0ae673feca08d9617bf94b837f9534fc2b82b9da38546"},
    {file = "editdistance-0.6.2-cp37-cp37m-macosx_10_9_x86_64.whl", hash = "sha256:996c1d43361c661391f18b1920e28a53a2702de7cd9baedc0d61f91ad00e9403"},
    {file = "editdistance-0.6.2-cp37-cp37m-manylinux_2_17_aarch64.manylinux2014_aarch64.whl", hash = "sha256:ef96fb4e43362cdf723d243045fcbb87c0d1a43fe0797b168b8a659bf8e6a3c1"},
    {file = "editdistance-0.6.2-cp37-cp37m-manylinux_2_17_x86_64.manylinux2014_x86_64.whl", hash = "sha256:b7c1f7c81ee85774f738bd1fbdeeeae3b7853301271c93308f7f26fa830600e3"},
    {file = "editdistance-0.6.2-cp37-cp37m-manylinux_2_5_i686.manylinux1_i686.manylinux_2_17_i686.manylinux2014_i686.whl", hash = "sha256:6b282014742809684c720b9d5d2afb3cc542699e4515bf59a94512f656a36886"},
    {file = "editdistance-0.6.2-cp37-cp37m-musllinux_1_1_aarch64.whl", hash = "sha256:d917fa9d82f51b57a8d23abbc03f49640488cbfe4b9d6351ba3b562cadd95f6b"},
    {file = "editdistance-0.6.2-cp37-cp37m-musllinux_1_1_i686.whl", hash = "sha256:3435165327074a4321484e2de06e4b74ef03c34e103c39eee126f7277bb8123f"},
    {file = "editdistance-0.6.2-cp37-cp37m-musllinux_1_1_x86_64.whl", hash = "sha256:8fdf4834d0b3ec287f92b124889f755a6d28ce97e407147f015af3237290bb9a"},
    {file = "editdistance-0.6.2-cp37-cp37m-win32.whl", hash = "sha256:d9971beaf82c1ea6a5802daaac069a92b43309bbbc016fdadc9a54b1c4ce840f"},
    {file = "editdistance-0.6.2-cp37-cp37m-win_amd64.whl", hash = "sha256:51fe3eb5fcb14071735eadf8daf8583126967aec82965fe9d4f928f2b909c310"},
    {file = "editdistance-0.6.2-cp38-cp38-macosx_10_9_universal2.whl", hash = "sha256:dc63126b80320abbd6070ba9f82fed0a7d4388095324982ba5d7112a8c783abc"},
    {file = "editdistance-0.6.2-cp38-cp38-macosx_10_9_x86_64.whl", hash = "sha256:9d76a7c0f4f4d81a964118e5ea596948dcfaa85e1d81ecdf8ceac190d669a1d7"},
    {file = "editdistance-0.6.2-cp38-cp38-macosx_11_0_arm64.whl", hash = "sha256:1b6ab85adae46c8d191132cf67815434431be35b479b1a5844dce5e8d4d11b9d"},
    {file = "editdistance-0.6.2-cp38-cp38-manylinux_2_17_aarch64.manylinux2014_aarch64.whl", hash = "sha256:727dc0c4bb282e7c9efa4dbd385d78f8a7fd7edad068a143a57a72d931f6e45e"},
    {file = "editdistance-0.6.2-cp38-cp38-manylinux_2_17_x86_64.manylinux2014_x86_64.whl", hash = "sha256:85d8e5a67a9b5d4d0bf6bcc3e8c1fdbc11f6357def8c2df5a4cea5e19874c79a"},
    {file = "editdistance-0.6.2-cp38-cp38-manylinux_2_5_i686.manylinux1_i686.manylinux_2_17_i686.manylinux2014_i686.whl", hash = "sha256:f8d72d4283ff14cd4c9d3d38030f159f71fea2ceb611fcdbad1022e912262dfa"},
    {file = "editdistance-0.6.2-cp38-cp38-musllinux_1_1_aarch64.whl", hash = "sha256:50234341a9264a91f72136245404cb319b92010b0bd951decdcdb8e809942fca"},
    {file = "editdistance-0.6.2-cp38-cp38-musllinux_1_1_i686.whl", hash = "sha256:65ce074c366e483b190832be4c1194d8f667b0d2a9747241fee476a06d01c0c5"},
    {file = "editdistance-0.6.2-cp38-cp38-musllinux_1_1_x86_64.whl", hash = "sha256:3d19ecb414072a44c7d10a239c8494aea0faa476bc541766b7a3228fc9c19943"},
    {file = "editdistance-0.6.2-cp38-cp38-win32.whl", hash = "sha256:347bce77dac7e15bd6dbbfb5f09da0a5d5e64f6df3d5409abb3371b8005652d7"},
    {file = "editdistance-0.6.2-cp38-cp38-win_amd64.whl", hash = "sha256:57f3b6ecf872be8b678128f283eb0bb47220c422105e48d0351408fee9cc617a"},
    {file = "editdistance-0.6.2-cp39-cp39-macosx_10_9_universal2.whl", hash = "sha256:7a7a0b53640447746d9842fbe6b2766c76f92f9c9b554f45b9e665247b1de2f6"},
    {file = "editdistance-0.6.2-cp39-cp39-macosx_10_9_x86_64.whl", hash = "sha256:f5b4095f5db7cdcc67b6df7a87a40c120b67e7ce63fa38d1900fc76271b6405b"},
    {file = "editdistance-0.6.2-cp39-cp39-macosx_11_0_arm64.whl", hash = "sha256:a69254caa2874087cfda056e25691e215fbb92895971ab8b19db5b0b105f47ea"},
    {file = "editdistance-0.6.2-cp39-cp39-manylinux_2_17_aarch64.manylinux2014_aarch64.whl", hash = "sha256:cad240c00f0e6a3a6a23ac962585e14fcd8fa8ec041b5a57937acefa8beed658"},
    {file = "editdistance-0.6.2-cp39-cp39-manylinux_2_17_x86_64.manylinux2014_x86_64.whl", hash = "sha256:931fb160fd3e741d880f1bef46369993b50a45449e5b9c8f2e753df446c6bba5"},
    {file = "editdistance-0.6.2-cp39-cp39-manylinux_2_5_i686.manylinux1_i686.manylinux_2_17_i686.manylinux2014_i686.whl", hash = "sha256:f2f5569e7a870d7dfc00c301688d03cbe031bf4a83f390886d410c82315377be"},
    {file = "editdistance-0.6.2-cp39-cp39-musllinux_1_1_aarch64.whl", hash = "sha256:0395141203d51b118de3a6e90753278d5bf4ad66966950be6364790b55164828"},
    {file = "editdistance-0.6.2-cp39-cp39-musllinux_1_1_i686.whl", hash = "sha256:47a58a2a0e4bd63d33c1541f3f6c2f6b4c9699c2684ef7beeb20d93768d89a8b"},
    {file = "editdistance-0.6.2-cp39-cp39-musllinux_1_1_x86_64.whl", hash = "sha256:ddc02826be4a17fca0833ecc08a4ff1e6ec037a8a4b18567b2628c8ff309e8df"},
    {file = "editdistance-0.6.2-cp39-cp39-win32.whl", hash = "sha256:7fe35c130d8f0e740ec70b6672ac3cfc289625f0ab4c4e9a264583cb5fcc8d83"},
    {file = "editdistance-0.6.2-cp39-cp39-win_amd64.whl", hash = "sha256:ede7a5a67f35cc0f7eb4b7230cbe99e80d54b127794fff1415b2496084ac0117"},
    {file = "editdistance-0.6.2-pp37-pypy37_pp73-macosx_10_9_x86_64.whl", hash = "sha256:71aac2d0b4b421aac798bfbcce65bb2aafa0087ab3de4ef986218968f85bd531"},
    {file = "editdistance-0.6.2-pp37-pypy37_pp73-manylinux_2_17_aarch64.manylinux2014_aarch64.whl", hash = "sha256:0c1a76b06dd8ee37a83a96d5420f0cc35390a3b80a477e9f1dac898a520f9eca"},
    {file = "editdistance-0.6.2-pp37-pypy37_pp73-manylinux_2_5_i686.manylinux1_i686.manylinux_2_17_i686.manylinux2014_i686.whl", hash = "sha256:11c5fc9c0e2b3563f8f58a97f4a8acbeb0e11fa1c1ae58161f19ff5b223911eb"},
    {file = "editdistance-0.6.2-pp37-pypy37_pp73-manylinux_2_5_x86_64.manylinux1_x86_64.manylinux_2_17_x86_64.manylinux2014_x86_64.whl", hash = "sha256:e17d5e2a14fd2fe851d370576afb975dbc8a098c4ff6a858462c067ebd015849"},
    {file = "editdistance-0.6.2-pp37-pypy37_pp73-win_amd64.whl", hash = "sha256:c91cc8f69353811732f50465251ecccb87b2d7a5127ee739370f797a1e83c927"},
    {file = "editdistance-0.6.2-pp38-pypy38_pp73-macosx_10_9_x86_64.whl", hash = "sha256:69662c3ca546a6df37bb775b53aad9a6426b224a3e7e1a3062c9f01e88e94d0f"},
    {file = "editdistance-0.6.2-pp38-pypy38_pp73-manylinux_2_17_aarch64.manylinux2014_aarch64.whl", hash = "sha256:8da55507e34468646e05bb96fc046c46c882649097bbbe45d4ef785a0ac3f3a4"},
    {file = "editdistance-0.6.2-pp38-pypy38_pp73-manylinux_2_5_i686.manylinux1_i686.manylinux_2_17_i686.manylinux2014_i686.whl", hash = "sha256:e9a39d7567fa71f6304a1c97dfb8b34773c7df78968db8a26a723043b9c96251"},
    {file = "editdistance-0.6.2-pp38-pypy38_pp73-manylinux_2_5_x86_64.manylinux1_x86_64.manylinux_2_17_x86_64.manylinux2014_x86_64.whl", hash = "sha256:3ccab6307fa6299da911a6c14c1914086754dde9f32ec7979a98656e6e5e18b7"},
    {file = "editdistance-0.6.2-pp38-pypy38_pp73-win_amd64.whl", hash = "sha256:1f3ef008568d50c24cf60c944120a26f5d19ebce65f030059288819738717b06"},
    {file = "editdistance-0.6.2-pp39-pypy39_pp73-macosx_10_9_x86_64.whl", hash = "sha256:793b55100ec226ed41eeb8ed7dd66f4b30063b601070ff64405351c6871bf949"},
    {file = "editdistance-0.6.2-pp39-pypy39_pp73-manylinux_2_17_aarch64.manylinux2014_aarch64.whl", hash = "sha256:8c269be2a1325759ebc4f6698501349cf1248d7d09f5b239d2780b9085c24c98"},
    {file = "editdistance-0.6.2-pp39-pypy39_pp73-manylinux_2_5_i686.manylinux1_i686.manylinux_2_17_i686.manylinux2014_i686.whl", hash = "sha256:33cf7b216b23ad6b949b531fee8e934474fa02ffaf1c55cc556931214ff37ef4"},
    {file = "editdistance-0.6.2-pp39-pypy39_pp73-manylinux_2_5_x86_64.manylinux1_x86_64.manylinux_2_17_x86_64.manylinux2014_x86_64.whl", hash = "sha256:84c50dda926486b5be08aab6afbdc9e7d440c52f7f55e5b0b54efcb7c0742001"},
    {file = "editdistance-0.6.2-pp39-pypy39_pp73-win_amd64.whl", hash = "sha256:97fdc521d04b72e7f0bb393283091eaac1def3eaf12295aa4c7627d2beb99ed5"},
    {file = "editdistance-0.6.2.tar.gz", hash = "sha256:97a722f5e859ed4c26da269e71a11995f23ac9c880618b8a2028373eb74283be"},
]

[[package]]
name = "falcon"
version = "3.1.1"
requires_python = ">=3.5"
summary = "The ultra-reliable, fast ASGI+WSGI framework for building data plane APIs at scale."
files = [
    {file = "falcon-3.1.1-cp310-cp310-macosx_10_15_x86_64.whl", hash = "sha256:10ff3080aebe84fb45955cb02375ce13b6a3556c73edad282325eb67aeb42a46"},
    {file = "falcon-3.1.1-cp310-cp310-manylinux_2_17_aarch64.manylinux2014_aarch64.whl", hash = "sha256:ca798f3240283a89881209dfa8eb20e2eaf8d01c50b33be5f70865c0902577ec"},
    {file = "falcon-3.1.1-cp310-cp310-manylinux_2_17_s390x.manylinux2014_s390x.whl", hash = "sha256:394e16249d9b61dcdbb6653311c4a208f9fc68b696d0123d29f781fbd338cfd4"},
    {file = "falcon-3.1.1-cp310-cp310-manylinux_2_5_x86_64.manylinux1_x86_64.manylinux_2_12_x86_64.manylinux2010_x86_64.whl", hash = "sha256:6245344fab1a7faeb9267c75b8f4fd6c4bda35e1a2fe8f547b832b547c7f2128"},
    {file = "falcon-3.1.1-cp310-cp310-manylinux_2_5_x86_64.manylinux1_x86_64.manylinux_2_17_x86_64.manylinux2014_x86_64.whl", hash = "sha256:8fc0ef213d6e66bb997d172ceaa04f6daa309cac47e2fcd4320234806c806467"},
    {file = "falcon-3.1.1-cp310-cp310-win_amd64.whl", hash = "sha256:016fe952a526045292fb591f4c724d5fdf4127e88d0369e2dc147925dc51835c"},
    {file = "falcon-3.1.1-cp311-cp311-macosx_10_9_universal2.whl", hash = "sha256:00e6c6b3ec846193cfd30be26b10dbb7cc31ee3442f80f1d5ffd14c410619156"},
    {file = "falcon-3.1.1-cp311-cp311-manylinux_2_17_aarch64.manylinux2014_aarch64.whl", hash = "sha256:a7e6e1e6af16d1055454eaed5ceaceabca97656b28a8a924b426fbf0e26ec0f0"},
    {file = "falcon-3.1.1-cp311-cp311-manylinux_2_17_s390x.manylinux2014_s390x.whl", hash = "sha256:d53dabcf8212c38137e40a61795e312224dc7a437b03d7fb0a1b0dc3ed8d4b5b"},
    {file = "falcon-3.1.1-cp311-cp311-manylinux_2_17_x86_64.manylinux2014_x86_64.whl", hash = "sha256:762854cc9f13082166c166c93fd6f2178ba1787170bacee9a4b37fab412f602e"},
    {file = "falcon-3.1.1-cp311-cp311-win_amd64.whl", hash = "sha256:686a0167af40565a2057f3902a9fb8f15a423ad17a80c9caee932b668478c9ad"},
    {file = "falcon-3.1.1-cp37-cp37m-macosx_10_15_x86_64.whl", hash = "sha256:1b8dfce6c379ba14d962abf479137258c694017752bc5b585ab366e2e8106a3e"},
    {file = "falcon-3.1.1-cp37-cp37m-manylinux_2_17_aarch64.manylinux2014_aarch64.whl", hash = "sha256:1d9c3dc6c5a8a2f2c3f1fd433a6b4e4bcef22c52166b91e2d6d985fbcadcc62b"},
    {file = "falcon-3.1.1-cp37-cp37m-manylinux_2_17_s390x.manylinux2014_s390x.whl", hash = "sha256:2abecd50121ed969fa34d5c035a340ee4b21afc84dcd354acd548ab2edcc67b2"},
    {file = "falcon-3.1.1-cp37-cp37m-manylinux_2_5_x86_64.manylinux1_x86_64.manylinux_2_12_x86_64.manylinux2010_x86_64.whl", hash = "sha256:f6e3c42f3c20af33c040affe0a3e8cd358153304b48eb441adfd261c3bfd51d3"},
    {file = "falcon-3.1.1-cp37-cp37m-manylinux_2_5_x86_64.manylinux1_x86_64.manylinux_2_17_x86_64.manylinux2014_x86_64.whl", hash = "sha256:b7aab2dd6683437d8739a0cc9d6ab6542f48e05445a0138b356f63983a7c98fe"},
    {file = "falcon-3.1.1-cp37-cp37m-win_amd64.whl", hash = "sha256:6fbc130a12e35ca76d782201af7a558ac57d4e5e66ba3a8017f5a3baaed64f8b"},
    {file = "falcon-3.1.1-cp38-cp38-macosx_10_15_x86_64.whl", hash = "sha256:550566250ac2bc0418075f2ad177b7e01adef1815459c2d962e579dff07162fb"},
    {file = "falcon-3.1.1-cp38-cp38-manylinux_2_17_aarch64.manylinux2014_aarch64.whl", hash = "sha256:1cf50b9a2dcf9c8f6ae8de94e2e6ac082449380784fb9d1a1fc80fade052aead"},
    {file = "falcon-3.1.1-cp38-cp38-manylinux_2_17_s390x.manylinux2014_s390x.whl", hash = "sha256:8a5fa02feaf67a2bd0407201dfec92edb0eee59803c3e1e717cfa5a2232ffc77"},
    {file = "falcon-3.1.1-cp38-cp38-manylinux_2_5_x86_64.manylinux1_x86_64.manylinux_2_12_x86_64.manylinux2010_x86_64.whl", hash = "sha256:ff2eaf9807ea357ced1cc60e1d2871f55aa6ea29162386efb95fb4e5a730e6de"},
    {file = "falcon-3.1.1-cp38-cp38-manylinux_2_5_x86_64.manylinux1_x86_64.manylinux_2_17_x86_64.manylinux2014_x86_64.whl", hash = "sha256:f049eeeeea08e0a5fbb87d1fe131f85c7a0310c3a0a4226146463709fbfe12eb"},
    {file = "falcon-3.1.1-cp38-cp38-win_amd64.whl", hash = "sha256:66d937b7b796b68640d63e006e475d9268f68dfb3f1468415259507db72ee065"},
    {file = "falcon-3.1.1-cp39-cp39-macosx_10_15_x86_64.whl", hash = "sha256:13121ab6a86597ec849e397272662f5cafcbe534e12c01e2913035fe4120dcd1"},
    {file = "falcon-3.1.1-cp39-cp39-manylinux_2_17_aarch64.manylinux2014_aarch64.whl", hash = "sha256:5af63f2d7f509353552b2436501449065f30f27542d1e58c864656bd3a7a9ef1"},
    {file = "falcon-3.1.1-cp39-cp39-manylinux_2_17_s390x.manylinux2014_s390x.whl", hash = "sha256:fd1eaf1a5d9d936f29f9aca3f268cf375621d1ffcbf27a6e14c187b489bf5f26"},
    {file = "falcon-3.1.1-cp39-cp39-manylinux_2_5_x86_64.manylinux1_x86_64.manylinux_2_12_x86_64.manylinux2010_x86_64.whl", hash = "sha256:bec014dc19a38d5a525ab948a8eccc885f28d2611bdf3f73842fadc44b185702"},
    {file = "falcon-3.1.1-cp39-cp39-manylinux_2_5_x86_64.manylinux1_x86_64.manylinux_2_17_x86_64.manylinux2014_x86_64.whl", hash = "sha256:271fa0c4b0634e4e238dc7c2fcd57be5f9dd0f200553e46677ff704f6a8090e6"},
    {file = "falcon-3.1.1-cp39-cp39-win_amd64.whl", hash = "sha256:7a7ecb8eafada89389c19eda44811e14786599c1d86c6cffa58c65150b24bc43"},
    {file = "falcon-3.1.1.tar.gz", hash = "sha256:5dd393dbf01cbaf99493893de4832121bd495dc49a46c571915b79c59aad7ef4"},
]

[[package]]
name = "hashids"
version = "1.3.1"
requires_python = ">=2.7"
summary = "Implements the hashids algorithm in python. For more information, visit http://hashids.org/"
files = [
    {file = "hashids-1.3.1-py2.py3-none-any.whl", hash = "sha256:8bddd1acba501bfc9306e7e5a99a1667f4f2cacdc20cbd70bcc5ddfa5147c94c"},
    {file = "hashids-1.3.1.tar.gz", hash = "sha256:6c3dc775e65efc2ce2c157a65acb776d634cb814598f406469abef00ae3f635c"},
]

[[package]]
name = "hiredis"
version = "2.2.2"
requires_python = ">=3.7"
summary = "Python wrapper for hiredis"
files = [
    {file = "hiredis-2.2.2-cp310-cp310-macosx_10_12_universal2.whl", hash = "sha256:ba6123ff137275e2f4c31fc74b93813fcbb79160d43f5357163e09638c7743de"},
    {file = "hiredis-2.2.2-cp310-cp310-macosx_10_12_x86_64.whl", hash = "sha256:d995846acc8e3339fb7833cd19bf6f3946ff5157c8488a4df9c51cd119a36870"},
    {file = "hiredis-2.2.2-cp310-cp310-macosx_11_0_arm64.whl", hash = "sha256:82f869ca44bcafa37cd71cfa1429648fa354d6021dcd72f03a2f66bcb339c546"},
    {file = "hiredis-2.2.2-cp310-cp310-manylinux_2_17_aarch64.manylinux2014_aarch64.whl", hash = "sha256:aa90a5ee7a7f30c3d72d3513914b8f51f953a71b8cbd52a241b6db6685e55645"},
    {file = "hiredis-2.2.2-cp310-cp310-manylinux_2_17_ppc64le.manylinux2014_ppc64le.whl", hash = "sha256:01e2e588392b5fdcc3a6aa0eb62a2eb2a142f829082fa4c3354228029d3aa1ce"},
    {file = "hiredis-2.2.2-cp310-cp310-manylinux_2_17_s390x.manylinux2014_s390x.whl", hash = "sha256:5dac177a6ab8b4eb4d5e74978c29eef7cc9eef14086f814cb3893f7465578044"},
    {file = "hiredis-2.2.2-cp310-cp310-manylinux_2_17_x86_64.manylinux2014_x86_64.whl", hash = "sha256:4cb992e3f9753c5a0c637f333c2010d1ad702aebf2d730ee4d484f32b19bae97"},
    {file = "hiredis-2.2.2-cp310-cp310-manylinux_2_5_i686.manylinux1_i686.manylinux_2_17_i686.manylinux2014_i686.whl", hash = "sha256:e61c22fda5fc25d31bbced24a8322d33c5cb8cad9ba698634c16edb5b3e79a91"},
    {file = "hiredis-2.2.2-cp310-cp310-musllinux_1_1_aarch64.whl", hash = "sha256:9873898e26e50cd41415e9d1ea128bfdb60eb26abb4f5be28a4500fd7834dc0c"},
    {file = "hiredis-2.2.2-cp310-cp310-musllinux_1_1_i686.whl", hash = "sha256:2c18b00a382546e19bcda8b83dcca5b6e0dbc238d235723434405f48a18e8f77"},
    {file = "hiredis-2.2.2-cp310-cp310-musllinux_1_1_ppc64le.whl", hash = "sha256:8c3a6998f6f88d7ca4d082fd26525074df13162b274d7c64034784b6fdc56666"},
    {file = "hiredis-2.2.2-cp310-cp310-musllinux_1_1_s390x.whl", hash = "sha256:0fc1f9a9791d028b2b8afa318ccff734c7fc8861d37a04ca9b3d27c9b05f9718"},
    {file = "hiredis-2.2.2-cp310-cp310-musllinux_1_1_x86_64.whl", hash = "sha256:5f2cfd323f83985f2bed6ed013107873275025af270485b7d04c338bfb47bd14"},
    {file = "hiredis-2.2.2-cp310-cp310-win32.whl", hash = "sha256:55c7e9a9e05f8c0555bfba5c16d98492f8b6db650e56d0c35cc28aeabfc86020"},
    {file = "hiredis-2.2.2-cp310-cp310-win_amd64.whl", hash = "sha256:eaff526c2fed31c971b0fa338a25237ae5513550ef75d0b85b9420ec778cca45"},
    {file = "hiredis-2.2.2-cp311-cp311-macosx_10_12_universal2.whl", hash = "sha256:688b9b7458b4f3f452fea6ed062c04fa1fd9a69d9223d95c6cb052581aba553b"},
    {file = "hiredis-2.2.2-cp311-cp311-macosx_10_12_x86_64.whl", hash = "sha256:544d52fde3a8dac7854673eac20deca05214758193c01926ffbb0d57c6bf4ffe"},
    {file = "hiredis-2.2.2-cp311-cp311-macosx_11_0_arm64.whl", hash = "sha256:990916e8b0b4eedddef787e73549b562f8c9e73a7fea82f9b8ff517806774ad0"},
    {file = "hiredis-2.2.2-cp311-cp311-manylinux_2_17_aarch64.manylinux2014_aarch64.whl", hash = "sha256:10dc34854e9acfb3e7cc4157606e2efcb497b1c6fca07bd6c3be34ae5e413f13"},
    {file = "hiredis-2.2.2-cp311-cp311-manylinux_2_17_ppc64le.manylinux2014_ppc64le.whl", hash = "sha256:c446a2007985ae49c2ecd946dd819dea72b931beb5f647ba08655a1a1e133fa8"},
    {file = "hiredis-2.2.2-cp311-cp311-manylinux_2_17_s390x.manylinux2014_s390x.whl", hash = "sha256:02b9f928dc6cd43ed0f0ffc1c75fb209fb180f004b7e2e19994805f998d247aa"},
    {file = "hiredis-2.2.2-cp311-cp311-manylinux_2_17_x86_64.manylinux2014_x86_64.whl", hash = "sha256:2a355aff8dfa02ebfe67f0946dd706e490bddda9ea260afac9cdc43942310c53"},
    {file = "hiredis-2.2.2-cp311-cp311-manylinux_2_5_i686.manylinux1_i686.manylinux_2_17_i686.manylinux2014_i686.whl", hash = "sha256:831461abe5b63e73719621a5f31d8fc175528a05dc09d5a8aa8ef565d6deefa4"},
    {file = "hiredis-2.2.2-cp311-cp311-musllinux_1_1_aarch64.whl", hash = "sha256:75349f7c8f77eb0fd33ede4575d1e5b0a902a8176a436bf03293d7fec4bd3894"},
    {file = "hiredis-2.2.2-cp311-cp311-musllinux_1_1_i686.whl", hash = "sha256:1eb39b34d15220095dc49ad1e1082580d35cd3b6d9741def52988b5075e4ff03"},
    {file = "hiredis-2.2.2-cp311-cp311-musllinux_1_1_ppc64le.whl", hash = "sha256:a9b306f4e870747eea8b008dcba2e9f1e4acd12b333a684bc1cc120e633a280e"},
    {file = "hiredis-2.2.2-cp311-cp311-musllinux_1_1_s390x.whl", hash = "sha256:03dfb4ab7a2136ce1be305592553f102e1bd91a96068ab2778e3252aed20d9bc"},
    {file = "hiredis-2.2.2-cp311-cp311-musllinux_1_1_x86_64.whl", hash = "sha256:d8bc89c7e33fecb083a199ade0131a34d20365a8c32239e218da57290987ca9a"},
    {file = "hiredis-2.2.2-cp311-cp311-win32.whl", hash = "sha256:ed44b3c711cecde920f238ac35f70ac08744f2079b6369655856e43944464a72"},
    {file = "hiredis-2.2.2-cp311-cp311-win_amd64.whl", hash = "sha256:2e2f0ce3e8ab1314a52f562386220f6714fd24d7968a95528135ad04e88cc741"},
    {file = "hiredis-2.2.2-cp37-cp37m-macosx_10_12_x86_64.whl", hash = "sha256:e7e61ab75b851aac2d6bc634d03738a242a6ef255a44178437b427c5ebac0a87"},
    {file = "hiredis-2.2.2-cp37-cp37m-manylinux_2_17_aarch64.manylinux2014_aarch64.whl", hash = "sha256:9eb14339e399554bb436cc4628e8aaa3943adf7afcf34aba4cbd1e3e6b9ec7ec"},
    {file = "hiredis-2.2.2-cp37-cp37m-manylinux_2_17_ppc64le.manylinux2014_ppc64le.whl", hash = "sha256:e4ec57886f20f4298537cb1ab9dbda98594fb8d7c724c5fbf9a4b55329fd4a63"},
    {file = "hiredis-2.2.2-cp37-cp37m-manylinux_2_17_s390x.manylinux2014_s390x.whl", hash = "sha256:a89f5afb9827eab07b9c8c585cd4dc95e5232c727508ae2c935d09531abe9e33"},
    {file = "hiredis-2.2.2-cp37-cp37m-manylinux_2_17_x86_64.manylinux2014_x86_64.whl", hash = "sha256:3645590b9234cafd21c8ecfbf252ad9aa1d67629f4bdc98ba3627f48f8f7b5aa"},
    {file = "hiredis-2.2.2-cp37-cp37m-manylinux_2_5_i686.manylinux1_i686.manylinux_2_17_i686.manylinux2014_i686.whl", hash = "sha256:99350e89f52186146938bdba0b9c6cd68802c20346707d6ca8366f2d69d89b2f"},
    {file = "hiredis-2.2.2-cp37-cp37m-musllinux_1_1_aarch64.whl", hash = "sha256:b5d290f3d8f7a05c4adbe6c355055b87c7081bfa1eccd1ae5491216307ee5f53"},
    {file = "hiredis-2.2.2-cp37-cp37m-musllinux_1_1_i686.whl", hash = "sha256:c95be6f20377d5995ef41a98314542e194d2dc9c2579d8f130a1aea78d48fd42"},
    {file = "hiredis-2.2.2-cp37-cp37m-musllinux_1_1_ppc64le.whl", hash = "sha256:e4e2da61a04251121cb551f569c3250e6e27e95f2a80f8351c36822eda1f5d2b"},
    {file = "hiredis-2.2.2-cp37-cp37m-musllinux_1_1_s390x.whl", hash = "sha256:ac7f8d68826f95a3652e44b0c12bfa74d3aa6531d47d5dbe6a2fbfc7979bc20f"},
    {file = "hiredis-2.2.2-cp37-cp37m-musllinux_1_1_x86_64.whl", hash = "sha256:359e662324318baadb768d3c4ade8c4bdcfbb313570eb01e15d75dc5db781815"},
    {file = "hiredis-2.2.2-cp37-cp37m-win32.whl", hash = "sha256:fd0ca35e2cf44866137cbb5ae7e439fab18a0b0e0e1cf51d45137622d59ec012"},
    {file = "hiredis-2.2.2-cp37-cp37m-win_amd64.whl", hash = "sha256:c9488ffb10acc6b121c498875278b0a6715d193742dc92d21a281712169ac06d"},
    {file = "hiredis-2.2.2-cp38-cp38-macosx_10_12_universal2.whl", hash = "sha256:1570fe4f93bc1ea487fb566f2b863fd0ed146f643a4ea31e4e07036db9e0c7f8"},
    {file = "hiredis-2.2.2-cp38-cp38-macosx_10_12_x86_64.whl", hash = "sha256:8753c561b37cccbda7264c9b4486e206a6318c18377cd647beb3aa41a15a6beb"},
    {file = "hiredis-2.2.2-cp38-cp38-macosx_11_0_arm64.whl", hash = "sha256:a06d0dd84f10be6b15a92edbca2490b64917280f66d8267c63de99b6550308ad"},
    {file = "hiredis-2.2.2-cp38-cp38-manylinux_2_17_aarch64.manylinux2014_aarch64.whl", hash = "sha256:40ff3f1ec3a4046732e9e41df08dcb1a559847196755d295d43e32528aae39e6"},
    {file = "hiredis-2.2.2-cp38-cp38-manylinux_2_17_ppc64le.manylinux2014_ppc64le.whl", hash = "sha256:c24d856e13c02bd9d28a189e47be70cbba6f2c2a4bd85a8cc98819db9e7e3e06"},
    {file = "hiredis-2.2.2-cp38-cp38-manylinux_2_17_s390x.manylinux2014_s390x.whl", hash = "sha256:4ee9fe7cef505e8d925c70bebcc16bfab12aa7af922f948346baffd4730f7b00"},
    {file = "hiredis-2.2.2-cp38-cp38-manylinux_2_17_x86_64.manylinux2014_x86_64.whl", hash = "sha256:03ab1d545794bb0e09f3b1e2c8b3adcfacd84f6f2d402bfdcd441a98c0e9643c"},
    {file = "hiredis-2.2.2-cp38-cp38-manylinux_2_5_i686.manylinux1_i686.manylinux_2_17_i686.manylinux2014_i686.whl", hash = "sha256:14dfccf4696d75395c587a5dafafb4f7aa0a5d55309341d10bc2e7f1eaa20771"},
    {file = "hiredis-2.2.2-cp38-cp38-musllinux_1_1_aarch64.whl", hash = "sha256:2ddc573809ca4374da1b24b48604f34f3d5f0911fcccfb1c403ff8d8ca31c232"},
    {file = "hiredis-2.2.2-cp38-cp38-musllinux_1_1_i686.whl", hash = "sha256:24301ca2bf9b2f843b4c3015c90f161798fa3bbc5b95fd494785751b137dbbe2"},
    {file = "hiredis-2.2.2-cp38-cp38-musllinux_1_1_ppc64le.whl", hash = "sha256:b083a69e158138ffa95740ff6984d328259387b5596908021b3ccb946469ff66"},
    {file = "hiredis-2.2.2-cp38-cp38-musllinux_1_1_s390x.whl", hash = "sha256:8e16dc949cc2e9c5fbcd08de05b5fb61b89ff65738d772863c5c96248628830e"},
    {file = "hiredis-2.2.2-cp38-cp38-musllinux_1_1_x86_64.whl", hash = "sha256:674f296c3c89cb53f97aa9ba2508d3f360ad481b9e0c0e3a59b342a15192adaf"},
    {file = "hiredis-2.2.2-cp38-cp38-win32.whl", hash = "sha256:20ecbf87aac4f0f33f9c55ae15cb73b485d256c57518c590b7d0c9c152150632"},
    {file = "hiredis-2.2.2-cp38-cp38-win_amd64.whl", hash = "sha256:b11960237a3025bf248135e5b497dc4923e83d137eb798fbfe78b40d57c4b156"},
    {file = "hiredis-2.2.2-cp39-cp39-macosx_10_12_universal2.whl", hash = "sha256:18103090b8eda9c529830e26594e88b0b1472055785f3ed29b8adc694d03862a"},
    {file = "hiredis-2.2.2-cp39-cp39-macosx_10_12_x86_64.whl", hash = "sha256:d1acb7c957e5343303b3862947df3232dc7395da320b3b9ae076dfaa56ad59dc"},
    {file = "hiredis-2.2.2-cp39-cp39-macosx_11_0_arm64.whl", hash = "sha256:4997f55e1208af95a8fbd0fa187b04c672fcec8f66e49b9ab7fcc45cc1657dc4"},
    {file = "hiredis-2.2.2-cp39-cp39-manylinux_2_17_aarch64.manylinux2014_aarch64.whl", hash = "sha256:449e18506d22af40977abd0f5a8979f57f88d4562fe591478a3438d76a15133d"},
    {file = "hiredis-2.2.2-cp39-cp39-manylinux_2_17_ppc64le.manylinux2014_ppc64le.whl", hash = "sha256:a32a4474f7a4abdea954f3365608edee3f90f1de9fa05b81d214d4cad04c718a"},
    {file = "hiredis-2.2.2-cp39-cp39-manylinux_2_17_s390x.manylinux2014_s390x.whl", hash = "sha256:e86c800c6941698777fc58419216a66a7f76504f1cea72381d2ee206888e964d"},
    {file = "hiredis-2.2.2-cp39-cp39-manylinux_2_17_x86_64.manylinux2014_x86_64.whl", hash = "sha256:c73aa295c5369135247ff63aa1fbb116067485d0506cd787cc0c868e72bbee55"},
    {file = "hiredis-2.2.2-cp39-cp39-manylinux_2_5_i686.manylinux1_i686.manylinux_2_17_i686.manylinux2014_i686.whl", hash = "sha256:2e10a66680023bd5c5a3d605dae0844e3dde60eac5b79e39f51395a2aceaf634"},
    {file = "hiredis-2.2.2-cp39-cp39-musllinux_1_1_aarch64.whl", hash = "sha256:03ab760fc96e0c5d36226eb727f30645bf6a53c97f14bfc0a4d0401bfc9b8af7"},
    {file = "hiredis-2.2.2-cp39-cp39-musllinux_1_1_i686.whl", hash = "sha256:855d258e7f1aee3d7fbd5b1dc87790b1b5016e23d369a97b934a25ae7bc0171f"},
    {file = "hiredis-2.2.2-cp39-cp39-musllinux_1_1_ppc64le.whl", hash = "sha256:ccc33d87866d213f84f857a98f69c13f94fbf99a3304e328869890c9e49c8d65"},
    {file = "hiredis-2.2.2-cp39-cp39-musllinux_1_1_s390x.whl", hash = "sha256:339af17bb9817f8acb127247c79a99cad63db6738c0fb2aec9fa3d4f35d2a250"},
    {file = "hiredis-2.2.2-cp39-cp39-musllinux_1_1_x86_64.whl", hash = "sha256:57f73aa04d0b70ff436fb35fa7ea2b796aa7addbd7ebb8d1aa1f3d1b3e4439f1"},
    {file = "hiredis-2.2.2-cp39-cp39-win32.whl", hash = "sha256:e97d4e650b8d933a1229f341db92b610fc52b8d752490235977b63b81fbbc2cb"},
    {file = "hiredis-2.2.2-cp39-cp39-win_amd64.whl", hash = "sha256:8d43a7bba66a800279e33229a206861be09c279e261eaa8db4824e59465f4848"},
    {file = "hiredis-2.2.2-pp37-pypy37_pp73-macosx_10_12_x86_64.whl", hash = "sha256:632d79fd02b03e8d9fbaebbe40bfe34b920c5d0a9c0ef6270752e0db85208175"},
    {file = "hiredis-2.2.2-pp37-pypy37_pp73-manylinux_2_17_aarch64.manylinux2014_aarch64.whl", hash = "sha256:3a5fefac31c84143782ec1ebc323c04e733a6e4bfebcef9907a34e47a465e648"},
    {file = "hiredis-2.2.2-pp37-pypy37_pp73-manylinux_2_17_x86_64.manylinux2014_x86_64.whl", hash = "sha256:5155bc1710df8e21aa48c9b2f4d4e13e4987e1efff363a1ef9c84fae2cc6c145"},
    {file = "hiredis-2.2.2-pp37-pypy37_pp73-manylinux_2_5_i686.manylinux1_i686.manylinux_2_17_i686.manylinux2014_i686.whl", hash = "sha256:2f220b71235d2deab1b4b22681c8aee444720d973b80f1b86a4e2a85f6bcf1e1"},
    {file = "hiredis-2.2.2-pp37-pypy37_pp73-win_amd64.whl", hash = "sha256:f1f1efbe9cc29a3af39cf7eed27225f951aed3f48a1149c7fb74529fb5ab86d4"},
    {file = "hiredis-2.2.2-pp38-pypy38_pp73-macosx_10_12_x86_64.whl", hash = "sha256:1f1c44242c18b1f02e6d1162f133d65d00e09cc10d9165dccc78662def72abc2"},
    {file = "hiredis-2.2.2-pp38-pypy38_pp73-manylinux_2_17_aarch64.manylinux2014_aarch64.whl", hash = "sha256:9e0f444d9062f7e487ef42bab2fb2e290f1704afcbca48ad3ec23de63eef0fda"},
    {file = "hiredis-2.2.2-pp38-pypy38_pp73-manylinux_2_17_x86_64.manylinux2014_x86_64.whl", hash = "sha256:ac15e7e1efca51b4695e540c80c328accb352c9608da7c2df82d1fa1a3c539ef"},
    {file = "hiredis-2.2.2-pp38-pypy38_pp73-manylinux_2_5_i686.manylinux1_i686.manylinux_2_17_i686.manylinux2014_i686.whl", hash = "sha256:20cfbc469400669a5999aa34ccba3872a1e34490ec3d5c84e8c0752c27977b7c"},
    {file = "hiredis-2.2.2-pp38-pypy38_pp73-win_amd64.whl", hash = "sha256:bae004a0b978bf62e38d0eef5ab9156f8101d01167b3ca7054bd0994b773e917"},
    {file = "hiredis-2.2.2-pp39-pypy39_pp73-macosx_10_12_x86_64.whl", hash = "sha256:a1ce725542133dbdda9e8704867ef52651886bd1ef568c6fd997a27404381985"},
    {file = "hiredis-2.2.2-pp39-pypy39_pp73-manylinux_2_17_aarch64.manylinux2014_aarch64.whl", hash = "sha256:6e6ea7532221c97fa6d79f7d19d452cd9d1141d759c54279cc4774ce24728f13"},
    {file = "hiredis-2.2.2-pp39-pypy39_pp73-manylinux_2_17_x86_64.manylinux2014_x86_64.whl", hash = "sha256:a7114961ed78d708142f6c6eb1d2ed65dc3da4b5ae8a4660ad889dd7fc891971"},
    {file = "hiredis-2.2.2-pp39-pypy39_pp73-manylinux_2_5_i686.manylinux1_i686.manylinux_2_17_i686.manylinux2014_i686.whl", hash = "sha256:1b084fbc3e69f99865242f8e1ccd4ea2a34bf6a3983d015d61133377526c0ce2"},
    {file = "hiredis-2.2.2-pp39-pypy39_pp73-win_amd64.whl", hash = "sha256:2d1ba0799f3487294f72b2157944d5c3a4fb33c99e2d495d63eab98c7ec7234b"},
    {file = "hiredis-2.2.2.tar.gz", hash = "sha256:9c270bd0567a9c60673284e000132f603bb4ecbcd707567647a68f85ef45c4d4"},
]

[[package]]
name = "importlib-metadata"
version = "6.7.0"
requires_python = ">=3.7"
summary = "Read metadata from Python packages"
dependencies = [
    "typing-extensions>=3.6.4; python_version < \"3.8\"",
    "zipp>=0.5",
]
files = [
    {file = "importlib_metadata-6.7.0-py3-none-any.whl", hash = "sha256:cb52082e659e97afc5dac71e79de97d8681de3aa07ff18578330904a9d18e5b5"},
    {file = "importlib_metadata-6.7.0.tar.gz", hash = "sha256:1aaf550d4f73e5d6783e7acb77aec43d49da8017410afae93822cc9cca98c4d4"},
]

[[package]]
name = "ngram"
version = "4.0.3"
requires_python = ">=3.0"
summary = "A `set` subclass providing fuzzy search based on N-grams."
files = [
    {file = "ngram-4.0.3-py3-none-any.whl", hash = "sha256:7562c74bf4fb658d8368fb6e87116640f90502884920531a5afb6ba42105eb02"},
    {file = "ngram-4.0.3.tar.gz", hash = "sha256:06d1809ee2fedddced6065dcd19826c61318787d47bf4f10b1c011783d419aa6"},
]

[[package]]
name = "progressist"
version = "0.1.0"
summary = "Minimalist and pythonic progress bar"
files = [
    {file = "progressist-0.1.0-py3-none-any.whl", hash = "sha256:4ade9541d3d23f0b3845609490021e684b24a9dca81b6e84593bb1d2475d5ac4"},
    {file = "progressist-0.1.0.tar.gz", hash = "sha256:0432388142ead5eeec4230c025f67c27e09ea6a97c16962b6a8a4d5e45bb2d29"},
]

[[package]]
name = "python-geohash"
version = "0.8.5"
summary = "Fast, accurate python geohashing library"
files = [
    {file = "python-geohash-0.8.5.tar.gz", hash = "sha256:05a21fcf4eda1a5eddbd291890ade23fc5ddaa6bb98f2ee23d2d384ed14f086d"},
]

[[package]]
name = "redis"
version = "4.5.4"
requires_python = ">=3.7"
summary = "Python client for Redis database and key-value store"
dependencies = [
    "async-timeout>=4.0.2; python_version <= \"3.11.2\"",
    "importlib-metadata>=1.0; python_version < \"3.8\"",
    "typing-extensions; python_version < \"3.8\"",
]
files = [
    {file = "redis-4.5.4-py3-none-any.whl", hash = "sha256:2c19e6767c474f2e85167909061d525ed65bea9301c0770bb151e041b7ac89a2"},
    {file = "redis-4.5.4.tar.gz", hash = "sha256:73ec35da4da267d6847e47f68730fdd5f62e2ca69e3ef5885c6a78a9374c3893"},
]

[[package]]
name = "typing-extensions"
version = "4.7.1"
requires_python = ">=3.7"
summary = "Backported and Experimental Type Hints for Python 3.7+"
files = [
    {file = "typing_extensions-4.7.1-py3-none-any.whl", hash = "sha256:440d5dd3af93b060174bf433bccd69b0babc3b15b1a8dca43789fd7f61514b36"},
    {file = "typing_extensions-4.7.1.tar.gz", hash = "sha256:b75ddc264f0ba5615db7ba217daeb99701ad295353c45f9e95963337ceeeffb2"},
]

[[package]]
name = "unidecode"
version = "1.3.6"
requires_python = ">=3.5"
summary = "ASCII transliterations of Unicode text"
files = [
    {file = "Unidecode-1.3.6-py3-none-any.whl", hash = "sha256:547d7c479e4f377b430dd91ac1275d593308dce0fc464fb2ab7d41f82ec653be"},
    {file = "Unidecode-1.3.6.tar.gz", hash = "sha256:fed09cf0be8cf415b391642c2a5addfc72194407caee4f98719e40ec2a72b830"},
]

[[package]]
name = "zipp"
version = "3.15.0"
requires_python = ">=3.7"
summary = "Backport of pathlib-compatible object wrapper for zip files"
files = [
    {file = "zipp-3.15.0-py3-none-any.whl", hash = "sha256:48904fc76a60e542af151aded95726c1a5c34ed43ab4134b597665c86d7ad556"},
    {file = "zipp-3.15.0.tar.gz", hash = "sha256:112929ad649da941c23de50f356a2b5570c954b65150642bccdd66bf194d224b"},
]
